
Microsoft Visual Studio Solution File, Format Version 12.00
# Visual Studio Version 16
VisualStudioVersion = 16.0.31205.134
MinimumVisualStudioVersion = 10.0.40219.1
Project("{FAE04EC0-301F-11D3-BF4B-00C04F79EFBC}") = "exercise 5", "exercise 5.csproj", "{8F606CD2-28E8-47EE-8ED6-D399681E5AB0}"
EndProject
Global
	GlobalSection(SolutionConfigurationPlatforms) = preSolution
		Debug|Any CPU = Debug|Any CPU
		Release|Any CPU = Release|Any CPU
	EndGlobalSection
	GlobalSection(ProjectConfigurationPlatforms) = postSolution
		{8F606CD2-28E8-47EE-8ED6-D399681E5AB0}.Debug|Any CPU.ActiveCfg = Debug|Any CPU
		{8F606CD2-28E8-47EE-8ED6-D399681E5AB0}.Debug|Any CPU.Build.0 = Debug|Any CPU
		{8F606CD2-28E8-47EE-8ED6-D399681E5AB0}.Release|Any CPU.ActiveCfg = Release|Any CPU
		{8F606CD2-28E8-47EE-8ED6-D399681E5AB0}.Release|Any CPU.Build.0 = Release|Any CPU
	EndGlobalSection
	GlobalSection(SolutionProperties) = preSolution
		HideSolutionNode = FALSE
	EndGlobalSection
	GlobalSection(ExtensibilityGlobals) = postSolution
		SolutionGuid = {38D120FC-0F50-4592-A551-49DA67F8C908}
	EndGlobalSection
EndGlobal
